
Microsoft Visual Studio Solution File, Format Version 12.00
# Visual Studio Express 14 for Windows Desktop
VisualStudioVersion = 14.0.24720.0
MinimumVisualStudioVersion = 10.0.40219.1
Project("{8BC9CEB8-8B4A-11D0-8D11-00A0C91BC942}") = "WeightedPerfectMatchingLib", "WeightedPerfectMatchingLib\WeightedPerfectMatchingLib.vcxproj", "{BB25CE42-F314-404E-B0F4-A13B93B38F03}"
EndProject
Project("{8BC9CEB8-8B4A-11D0-8D11-00A0C91BC942}") = "WeightedPerfectMatchingTests", "WeightedPerfectMatchingTests\WeightedPerfectMatchingTests.vcxproj", "{06E4B0A8-4E6C-4A9B-A29F-C2C3C9AC6201}"
	ProjectSection(ProjectDependencies) = postProject
		{BB25CE42-F314-404E-B0F4-A13B93B38F03} = {BB25CE42-F314-404E-B0F4-A13B93B38F03}
	EndProjectSection
EndProject
Project("{8BC9CEB8-8B4A-11D0-8D11-00A0C91BC942}") = "WeightedPerfectMatchingExample", "WeightedPerfectMatchingExample\WeightedPerfectMatchingExample.vcxproj", "{9AE1E582-86EC-4017-9219-BFD98D126D57}"
	ProjectSection(ProjectDependencies) = postProject
		{BB25CE42-F314-404E-B0F4-A13B93B38F03} = {BB25CE42-F314-404E-B0F4-A13B93B38F03}
	EndProjectSection
EndProject
Global
	GlobalSection(SolutionConfigurationPlatforms) = preSolution
		Debug|x64 = Debug|x64
		Debug|x86 = Debug|x86
		Release|x64 = Release|x64
		Release|x86 = Release|x86
	EndGlobalSection
	GlobalSection(ProjectConfigurationPlatforms) = postSolution
		{BB25CE42-F314-404E-B0F4-A13B93B38F03}.Debug|x64.ActiveCfg = Debug|x64
		{BB25CE42-F314-404E-B0F4-A13B93B38F03}.Debug|x64.Build.0 = Debug|x64
		{BB25CE42-F314-404E-B0F4-A13B93B38F03}.Debug|x86.ActiveCfg = Debug|Win32
		{BB25CE42-F314-404E-B0F4-A13B93B38F03}.Debug|x86.Build.0 = Debug|Win32
		{BB25CE42-F314-404E-B0F4-A13B93B38F03}.Release|x64.ActiveCfg = Release|x64
		{BB25CE42-F314-404E-B0F4-A13B93B38F03}.Release|x64.Build.0 = Release|x64
		{BB25CE42-F314-404E-B0F4-A13B93B38F03}.Release|x86.ActiveCfg = Release|Win32
		{BB25CE42-F314-404E-B0F4-A13B93B38F03}.Release|x86.Build.0 = Release|Win32
		{06E4B0A8-4E6C-4A9B-A29F-C2C3C9AC6201}.Debug|x64.ActiveCfg = Debug|x64
		{06E4B0A8-4E6C-4A9B-A29F-C2C3C9AC6201}.Debug|x64.Build.0 = Debug|x64
		{06E4B0A8-4E6C-4A9B-A29F-C2C3C9AC6201}.Debug|x86.ActiveCfg = Debug|Win32
		{06E4B0A8-4E6C-4A9B-A29F-C2C3C9AC6201}.Debug|x86.Build.0 = Debug|Win32
		{06E4B0A8-4E6C-4A9B-A29F-C2C3C9AC6201}.Release|x64.ActiveCfg = Release|x64
		{06E4B0A8-4E6C-4A9B-A29F-C2C3C9AC6201}.Release|x64.Build.0 = Release|x64
		{06E4B0A8-4E6C-4A9B-A29F-C2C3C9AC6201}.Release|x86.ActiveCfg = Release|Win32
		{06E4B0A8-4E6C-4A9B-A29F-C2C3C9AC6201}.Release|x86.Build.0 = Release|Win32
		{9AE1E582-86EC-4017-9219-BFD98D126D57}.Debug|x64.ActiveCfg = Debug|x64
		{9AE1E582-86EC-4017-9219-BFD98D126D57}.Debug|x64.Build.0 = Debug|x64
		{9AE1E582-86EC-4017-9219-BFD98D126D57}.Debug|x86.ActiveCfg = Debug|Win32
		{9AE1E582-86EC-4017-9219-BFD98D126D57}.Debug|x86.Build.0 = Debug|Win32
		{9AE1E582-86EC-4017-9219-BFD98D126D57}.Release|x64.ActiveCfg = Release|x64
		{9AE1E582-86EC-4017-9219-BFD98D126D57}.Release|x64.Build.0 = Release|x64
		{9AE1E582-86EC-4017-9219-BFD98D126D57}.Release|x86.ActiveCfg = Release|Win32
		{9AE1E582-86EC-4017-9219-BFD98D126D57}.Release|x86.Build.0 = Release|Win32
	EndGlobalSection
	GlobalSection(SolutionProperties) = preSolution
		HideSolutionNode = FALSE
	EndGlobalSection
EndGlobal
